// !$*UTF8*$!
{
	archiveVersion = 1;
	classes = {
	};
	objectVersion = 56;
	objects = {

/* Begin PBXBuildFile section */
		763BDE192B0EE44C008F27AC /* Avocados_SwiftUIApp.swift in Sources */ = {isa = PBXBuildFile; fileRef = 763BDE182B0EE44C008F27AC /* Avocados_SwiftUIApp.swift */; };
		763BDE1B2B0EE44C008F27AC /* ContentView.swift in Sources */ = {isa = PBXBuildFile; fileRef = 763BDE1A2B0EE44C008F27AC /* ContentView.swift */; };
		763BDE1D2B0EE44F008F27AC /* Assets.xcassets in Resources */ = {isa = PBXBuildFile; fileRef = 763BDE1C2B0EE44F008F27AC /* Assets.xcassets */; };
		763BDE202B0EE44F008F27AC /* Preview Assets.xcassets in Resources */ = {isa = PBXBuildFile; fileRef = 763BDE1F2B0EE44F008F27AC /* Preview Assets.xcassets */; };
		763BDE272B0EEB67008F27AC /* Launch Screen.storyboard in Resources */ = {isa = PBXBuildFile; fileRef = 763BDE262B0EEB67008F27AC /* Launch Screen.storyboard */; };
		763BDE2B2B0F00E8008F27AC /* AvocadosView.swift in Sources */ = {isa = PBXBuildFile; fileRef = 763BDE2A2B0F00E8008F27AC /* AvocadosView.swift */; };
		763BDE2D2B0F0148008F27AC /* RipeningStagesView.swift in Sources */ = {isa = PBXBuildFile; fileRef = 763BDE2C2B0F0148008F27AC /* RipeningStagesView.swift */; };
		763BDE2F2B0F0166008F27AC /* SettingsView.swift in Sources */ = {isa = PBXBuildFile; fileRef = 763BDE2E2B0F0166008F27AC /* SettingsView.swift */; };
		763BDE312B0F017F008F27AC /* AppView.swift in Sources */ = {isa = PBXBuildFile; fileRef = 763BDE302B0F017F008F27AC /* AppView.swift */; };
		763BDE332B0F1D49008F27AC /* HeaderView.swift in Sources */ = {isa = PBXBuildFile; fileRef = 763BDE322B0F1D49008F27AC /* HeaderView.swift */; };
		763BDE352B0F33DE008F27AC /* HeaderModel.swift in Sources */ = {isa = PBXBuildFile; fileRef = 763BDE342B0F33DE008F27AC /* HeaderModel.swift */; };
		763BDE382B0F347C008F27AC /* HeaderData.swift in Sources */ = {isa = PBXBuildFile; fileRef = 763BDE372B0F347C008F27AC /* HeaderData.swift */; };
		763BDE3A2B0F41C2008F27AC /* DishesView.swift in Sources */ = {isa = PBXBuildFile; fileRef = 763BDE392B0F41C2008F27AC /* DishesView.swift */; };
		763BDE3C2B0F595D008F27AC /* FactsView.swift in Sources */ = {isa = PBXBuildFile; fileRef = 763BDE3B2B0F595D008F27AC /* FactsView.swift */; };
		763BDE3E2B0F6137008F27AC /* FactModel.swift in Sources */ = {isa = PBXBuildFile; fileRef = 763BDE3D2B0F6137008F27AC /* FactModel.swift */; };
		763BDE402B0F6192008F27AC /* FactData.swift in Sources */ = {isa = PBXBuildFile; fileRef = 763BDE3F2B0F6192008F27AC /* FactData.swift */; };
		763BDE422B0F68E5008F27AC /* RecipeModel.swift in Sources */ = {isa = PBXBuildFile; fileRef = 763BDE412B0F68E5008F27AC /* RecipeModel.swift */; };
		763BDE442B0F69D6008F27AC /* RecipeData.swift in Sources */ = {isa = PBXBuildFile; fileRef = 763BDE432B0F69D6008F27AC /* RecipeData.swift */; };
		763BDE462B0F6AA0008F27AC /* RecipeCardView.swift in Sources */ = {isa = PBXBuildFile; fileRef = 763BDE452B0F6AA0008F27AC /* RecipeCardView.swift */; };
		76B500942B10430800169C08 /* RecipeRatingView.swift in Sources */ = {isa = PBXBuildFile; fileRef = 76B500932B10430800169C08 /* RecipeRatingView.swift */; };
		76B500962B1044E900169C08 /* RecipeCookingView.swift in Sources */ = {isa = PBXBuildFile; fileRef = 76B500952B1044E900169C08 /* RecipeCookingView.swift */; };
		76B500982B10459400169C08 /* RecipeDetailview.swift in Sources */ = {isa = PBXBuildFile; fileRef = 76B500972B10459400169C08 /* RecipeDetailview.swift */; };
/* End PBXBuildFile section */

/* Begin PBXFileReference section */
		763BDE152B0EE44C008F27AC /* Avocados SwiftUI.app */ = {isa = PBXFileReference; explicitFileType = wrapper.application; includeInIndex = 0; path = "Avocados SwiftUI.app"; sourceTree = BUILT_PRODUCTS_DIR; };
		763BDE182B0EE44C008F27AC /* Avocados_SwiftUIApp.swift */ = {isa = PBXFileReference; lastKnownFileType = sourcecode.swift; path = Avocados_SwiftUIApp.swift; sourceTree = "<group>"; };
		763BDE1A2B0EE44C008F27AC /* ContentView.swift */ = {isa = PBXFileReference; lastKnownFileType = sourcecode.swift; path = ContentView.swift; sourceTree = "<group>"; };
		763BDE1C2B0EE44F008F27AC /* Assets.xcassets */ = {isa = PBXFileReference; lastKnownFileType = folder.assetcatalog; path = Assets.xcassets; sourceTree = "<group>"; };
		763BDE1F2B0EE44F008F27AC /* Preview Assets.xcassets */ = {isa = PBXFileReference; lastKnownFileType = folder.assetcatalog; path = "Preview Assets.xcassets"; sourceTree = "<group>"; };
		763BDE262B0EEB67008F27AC /* Launch Screen.storyboard */ = {isa = PBXFileReference; lastKnownFileType = file.storyboard; path = "Launch Screen.storyboard"; sourceTree = "<group>"; };
		763BDE2A2B0F00E8008F27AC /* AvocadosView.swift */ = {isa = PBXFileReference; lastKnownFileType = sourcecode.swift; path = AvocadosView.swift; sourceTree = "<group>"; };
		763BDE2C2B0F0148008F27AC /* RipeningStagesView.swift */ = {isa = PBXFileReference; lastKnownFileType = sourcecode.swift; path = RipeningStagesView.swift; sourceTree = "<group>"; };
		763BDE2E2B0F0166008F27AC /* SettingsView.swift */ = {isa = PBXFileReference; lastKnownFileType = sourcecode.swift; path = SettingsView.swift; sourceTree = "<group>"; };
		763BDE302B0F017F008F27AC /* AppView.swift */ = {isa = PBXFileReference; lastKnownFileType = sourcecode.swift; path = AppView.swift; sourceTree = "<group>"; };
		763BDE322B0F1D49008F27AC /* HeaderView.swift */ = {isa = PBXFileReference; lastKnownFileType = sourcecode.swift; path = HeaderView.swift; sourceTree = "<group>"; };
		763BDE342B0F33DE008F27AC /* HeaderModel.swift */ = {isa = PBXFileReference; lastKnownFileType = sourcecode.swift; path = HeaderModel.swift; sourceTree = "<group>"; };
		763BDE372B0F347C008F27AC /* HeaderData.swift */ = {isa = PBXFileReference; lastKnownFileType = sourcecode.swift; path = HeaderData.swift; sourceTree = "<group>"; };
		763BDE392B0F41C2008F27AC /* DishesView.swift */ = {isa = PBXFileReference; lastKnownFileType = sourcecode.swift; path = DishesView.swift; sourceTree = "<group>"; };
		763BDE3B2B0F595D008F27AC /* FactsView.swift */ = {isa = PBXFileReference; lastKnownFileType = sourcecode.swift; path = FactsView.swift; sourceTree = "<group>"; };
		763BDE3D2B0F6137008F27AC /* FactModel.swift */ = {isa = PBXFileReference; lastKnownFileType = sourcecode.swift; path = FactModel.swift; sourceTree = "<group>"; };
		763BDE3F2B0F6192008F27AC /* FactData.swift */ = {isa = PBXFileReference; lastKnownFileType = sourcecode.swift; path = FactData.swift; sourceTree = "<group>"; };
		763BDE412B0F68E5008F27AC /* RecipeModel.swift */ = {isa = PBXFileReference; lastKnownFileType = sourcecode.swift; path = RecipeModel.swift; sourceTree = "<group>"; };
		763BDE432B0F69D6008F27AC /* RecipeData.swift */ = {isa = PBXFileReference; lastKnownFileType = sourcecode.swift; path = RecipeData.swift; sourceTree = "<group>"; };
		763BDE452B0F6AA0008F27AC /* RecipeCardView.swift */ = {isa = PBXFileReference; lastKnownFileType = sourcecode.swift; path = RecipeCardView.swift; sourceTree = "<group>"; };
		76B500932B10430800169C08 /* RecipeRatingView.swift */ = {isa = PBXFileReference; lastKnownFileType = sourcecode.swift; path = RecipeRatingView.swift; sourceTree = "<group>"; };
		76B500952B1044E900169C08 /* RecipeCookingView.swift */ = {isa = PBXFileReference; lastKnownFileType = sourcecode.swift; path = RecipeCookingView.swift; sourceTree = "<group>"; };
		76B500972B10459400169C08 /* RecipeDetailview.swift */ = {isa = PBXFileReference; lastKnownFileType = sourcecode.swift; path = RecipeDetailview.swift; sourceTree = "<group>"; };
/* End PBXFileReference section */

/* Begin PBXFrameworksBuildPhase section */
		763BDE122B0EE44C008F27AC /* Frameworks */ = {
			isa = PBXFrameworksBuildPhase;
			buildActionMask = 2147483647;
			files = (
			);
			runOnlyForDeploymentPostprocessing = 0;
		};
/* End PBXFrameworksBuildPhase section */

/* Begin PBXGroup section */
		763BDE0C2B0EE44C008F27AC = {
			isa = PBXGroup;
			children = (
				763BDE172B0EE44C008F27AC /* Avocados SwiftUI */,
				763BDE162B0EE44C008F27AC /* Products */,
			);
			sourceTree = "<group>";
		};
		763BDE162B0EE44C008F27AC /* Products */ = {
			isa = PBXGroup;
			children = (
				763BDE152B0EE44C008F27AC /* Avocados SwiftUI.app */,
			);
			name = Products;
			sourceTree = "<group>";
		};
		763BDE172B0EE44C008F27AC /* Avocados SwiftUI */ = {
			isa = PBXGroup;
			children = (
				763BDE362B0F3463008F27AC /* Data */,
				763BDE292B0F009B008F27AC /* View */,
				763BDE282B0F0087008F27AC /* Model */,
				763BDE182B0EE44C008F27AC /* Avocados_SwiftUIApp.swift */,
				763BDE262B0EEB67008F27AC /* Launch Screen.storyboard */,
				763BDE1C2B0EE44F008F27AC /* Assets.xcassets */,
				763BDE1E2B0EE44F008F27AC /* Preview Content */,
			);
			path = "Avocados SwiftUI";
			sourceTree = "<group>";
		};
		763BDE1E2B0EE44F008F27AC /* Preview Content */ = {
			isa = PBXGroup;
			children = (
				763BDE1F2B0EE44F008F27AC /* Preview Assets.xcassets */,
			);
			path = "Preview Content";
			sourceTree = "<group>";
		};
		763BDE282B0F0087008F27AC /* Model */ = {
			isa = PBXGroup;
			children = (
				763BDE342B0F33DE008F27AC /* HeaderModel.swift */,
				763BDE412B0F68E5008F27AC /* RecipeModel.swift */,
				763BDE3D2B0F6137008F27AC /* FactModel.swift */,
			);
			path = Model;
			sourceTree = "<group>";
		};
		763BDE292B0F009B008F27AC /* View */ = {
			isa = PBXGroup;
			children = (
				763BDE1A2B0EE44C008F27AC /* ContentView.swift */,
				763BDE3B2B0F595D008F27AC /* FactsView.swift */,
				763BDE2A2B0F00E8008F27AC /* AvocadosView.swift */,
				763BDE2C2B0F0148008F27AC /* RipeningStagesView.swift */,
				763BDE2E2B0F0166008F27AC /* SettingsView.swift */,
				763BDE302B0F017F008F27AC /* AppView.swift */,
				763BDE322B0F1D49008F27AC /* HeaderView.swift */,
				763BDE392B0F41C2008F27AC /* DishesView.swift */,
				763BDE452B0F6AA0008F27AC /* RecipeCardView.swift */,
				76B500932B10430800169C08 /* RecipeRatingView.swift */,
				76B500952B1044E900169C08 /* RecipeCookingView.swift */,
				76B500972B10459400169C08 /* RecipeDetailview.swift */,
			);
			path = View;
			sourceTree = "<group>";
		};
		763BDE362B0F3463008F27AC /* Data */ = {
			isa = PBXGroup;
			children = (
				763BDE372B0F347C008F27AC /* HeaderData.swift */,
				763BDE3F2B0F6192008F27AC /* FactData.swift */,
				763BDE432B0F69D6008F27AC /* RecipeData.swift */,
			);
			path = Data;
			sourceTree = "<group>";
		};
/* End PBXGroup section */

/* Begin PBXNativeTarget section */
		763BDE142B0EE44C008F27AC /* Avocados SwiftUI */ = {
			isa = PBXNativeTarget;
			buildConfigurationList = 763BDE232B0EE44F008F27AC /* Build configuration list for PBXNativeTarget "Avocados SwiftUI" */;
			buildPhases = (
				763BDE112B0EE44C008F27AC /* Sources */,
				763BDE122B0EE44C008F27AC /* Frameworks */,
				763BDE132B0EE44C008F27AC /* Resources */,
			);
			buildRules = (
			);
			dependencies = (
			);
			name = "Avocados SwiftUI";
			productName = "Avocados SwiftUI";
			productReference = 763BDE152B0EE44C008F27AC /* Avocados SwiftUI.app */;
			productType = "com.apple.product-type.application";
		};
/* End PBXNativeTarget section */

/* Begin PBXProject section */
		763BDE0D2B0EE44C008F27AC /* Project object */ = {
			isa = PBXProject;
			attributes = {
				BuildIndependentTargetsInParallel = 1;
				LastSwiftUpdateCheck = 1500;
				LastUpgradeCheck = 1500;
				TargetAttributes = {
					763BDE142B0EE44C008F27AC = {
						CreatedOnToolsVersion = 15.0.1;
					};
				};
			};
			buildConfigurationList = 763BDE102B0EE44C008F27AC /* Build configuration list for PBXProject "Avocados SwiftUI" */;
			compatibilityVersion = "Xcode 14.0";
			developmentRegion = en;
			hasScannedForEncodings = 0;
			knownRegions = (
				en,
				Base,
			);
			mainGroup = 763BDE0C2B0EE44C008F27AC;
			productRefGroup = 763BDE162B0EE44C008F27AC /* Products */;
			projectDirPath = "";
			projectRoot = "";
			targets = (
				763BDE142B0EE44C008F27AC /* Avocados SwiftUI */,
			);
		};
/* End PBXProject section */

/* Begin PBXResourcesBuildPhase section */
		763BDE132B0EE44C008F27AC /* Resources */ = {
			isa = PBXResourcesBuildPhase;
			buildActionMask = 2147483647;
			files = (
				763BDE272B0EEB67008F27AC /* Launch Screen.storyboard in Resources */,
				763BDE202B0EE44F008F27AC /* Preview Assets.xcassets in Resources */,
				763BDE1D2B0EE44F008F27AC /* Assets.xcassets in Resources */,
			);
			runOnlyForDeploymentPostprocessing = 0;
		};
/* End PBXResourcesBuildPhase section */

/* Begin PBXSourcesBuildPhase section */
		763BDE112B0EE44C008F27AC /* Sources */ = {
			isa = PBXSourcesBuildPhase;
			buildActionMask = 2147483647;
			files = (
				763BDE2F2B0F0166008F27AC /* SettingsView.swift in Sources */,
				76B500942B10430800169C08 /* RecipeRatingView.swift in Sources */,
				763BDE1B2B0EE44C008F27AC /* ContentView.swift in Sources */,
				763BDE442B0F69D6008F27AC /* RecipeData.swift in Sources */,
				763BDE312B0F017F008F27AC /* AppView.swift in Sources */,
				763BDE2D2B0F0148008F27AC /* RipeningStagesView.swift in Sources */,
				763BDE192B0EE44C008F27AC /* Avocados_SwiftUIApp.swift in Sources */,
				763BDE2B2B0F00E8008F27AC /* AvocadosView.swift in Sources */,
				763BDE352B0F33DE008F27AC /* HeaderModel.swift in Sources */,
				763BDE422B0F68E5008F27AC /* RecipeModel.swift in Sources */,
				763BDE382B0F347C008F27AC /* HeaderData.swift in Sources */,
				76B500962B1044E900169C08 /* RecipeCookingView.swift in Sources */,
				763BDE3A2B0F41C2008F27AC /* DishesView.swift in Sources */,
				763BDE3E2B0F6137008F27AC /* FactModel.swift in Sources */,
				763BDE462B0F6AA0008F27AC /* RecipeCardView.swift in Sources */,
				763BDE3C2B0F595D008F27AC /* FactsView.swift in Sources */,
				763BDE332B0F1D49008F27AC /* HeaderView.swift in Sources */,
				76B500982B10459400169C08 /* RecipeDetailview.swift in Sources */,
				763BDE402B0F6192008F27AC /* FactData.swift in Sources */,
			);
			runOnlyForDeploymentPostprocessing = 0;
		};
/* End PBXSourcesBuildPhase section */

/* Begin XCBuildConfiguration section */
		763BDE212B0EE44F008F27AC /* Debug */ = {
			isa = XCBuildConfiguration;
			buildSettings = {
				ALWAYS_SEARCH_USER_PATHS = NO;
				ASSETCATALOG_COMPILER_GENERATE_SWIFT_ASSET_SYMBOL_EXTENSIONS = YES;
				CLANG_ANALYZER_NONNULL = YES;
				CLANG_ANALYZER_NUMBER_OBJECT_CONVERSION = YES_AGGRESSIVE;
				CLANG_CXX_LANGUAGE_STANDARD = "gnu++20";
				CLANG_ENABLE_MODULES = YES;
				CLANG_ENABLE_OBJC_ARC = YES;
				CLANG_ENABLE_OBJC_WEAK = YES;
				CLANG_WARN_BLOCK_CAPTURE_AUTORELEASING = YES;
				CLANG_WARN_BOOL_CONVERSION = YES;
				CLANG_WARN_COMMA = YES;
				CLANG_WARN_CONSTANT_CONVERSION = YES;
				CLANG_WARN_DEPRECATED_OBJC_IMPLEMENTATIONS = YES;
				CLANG_WARN_DIRECT_OBJC_ISA_USAGE = YES_ERROR;
				CLANG_WARN_DOCUMENTATION_COMMENTS = YES;
				CLANG_WARN_EMPTY_BODY = YES;
				CLANG_WARN_ENUM_CONVERSION = YES;
				CLANG_WARN_INFINITE_RECURSION = YES;
				CLANG_WARN_INT_CONVERSION = YES;
				CLANG_WARN_NON_LITERAL_NULL_CONVERSION = YES;
				CLANG_WARN_OBJC_IMPLICIT_RETAIN_SELF = YES;
				CLANG_WARN_OBJC_LITERAL_CONVERSION = YES;
				CLANG_WARN_OBJC_ROOT_CLASS = YES_ERROR;
				CLANG_WARN_QUOTED_INCLUDE_IN_FRAMEWORK_HEADER = YES;
				CLANG_WARN_RANGE_LOOP_ANALYSIS = YES;
				CLANG_WARN_STRICT_PROTOTYPES = YES;
				CLANG_WARN_SUSPICIOUS_MOVE = YES;
				CLANG_WARN_UNGUARDED_AVAILABILITY = YES_AGGRESSIVE;
				CLANG_WARN_UNREACHABLE_CODE = YES;
				CLANG_WARN__DUPLICATE_METHOD_MATCH = YES;
				COPY_PHASE_STRIP = NO;
				DEBUG_INFORMATION_FORMAT = dwarf;
				ENABLE_STRICT_OBJC_MSGSEND = YES;
				ENABLE_TESTABILITY = YES;
				ENABLE_USER_SCRIPT_SANDBOXING = YES;
				GCC_C_LANGUAGE_STANDARD = gnu17;
				GCC_DYNAMIC_NO_PIC = NO;
				GCC_NO_COMMON_BLOCKS = YES;
				GCC_OPTIMIZATION_LEVEL = 0;
				GCC_PREPROCESSOR_DEFINITIONS = (
					"DEBUG=1",
					"$(inherited)",
				);
				GCC_WARN_64_TO_32_BIT_CONVERSION = YES;
				GCC_WARN_ABOUT_RETURN_TYPE = YES_ERROR;
				GCC_WARN_UNDECLARED_SELECTOR = YES;
				GCC_WARN_UNINITIALIZED_AUTOS = YES_AGGRESSIVE;
				GCC_WARN_UNUSED_FUNCTION = YES;
				GCC_WARN_UNUSED_VARIABLE = YES;
				IPHONEOS_DEPLOYMENT_TARGET = 17.0;
				LOCALIZATION_PREFERS_STRING_CATALOGS = YES;
				MTL_ENABLE_DEBUG_INFO = INCLUDE_SOURCE;
				MTL_FAST_MATH = YES;
				ONLY_ACTIVE_ARCH = YES;
				SDKROOT = iphoneos;
				SWIFT_ACTIVE_COMPILATION_CONDITIONS = "DEBUG $(inherited)";
				SWIFT_OPTIMIZATION_LEVEL = "-Onone";
			};
			name = Debug;
		};
		763BDE222B0EE44F008F27AC /* Release */ = {
			isa = XCBuildConfiguration;
			buildSettings = {
				ALWAYS_SEARCH_USER_PATHS = NO;
				ASSETCATALOG_COMPILER_GENERATE_SWIFT_ASSET_SYMBOL_EXTENSIONS = YES;
				CLANG_ANALYZER_NONNULL = YES;
				CLANG_ANALYZER_NUMBER_OBJECT_CONVERSION = YES_AGGRESSIVE;
				CLANG_CXX_LANGUAGE_STANDARD = "gnu++20";
				CLANG_ENABLE_MODULES = YES;
				CLANG_ENABLE_OBJC_ARC = YES;
				CLANG_ENABLE_OBJC_WEAK = YES;
				CLANG_WARN_BLOCK_CAPTURE_AUTORELEASING = YES;
				CLANG_WARN_BOOL_CONVERSION = YES;
				CLANG_WARN_COMMA = YES;
				CLANG_WARN_CONSTANT_CONVERSION = YES;
				CLANG_WARN_DEPRECATED_OBJC_IMPLEMENTATIONS = YES;
				CLANG_WARN_DIRECT_OBJC_ISA_USAGE = YES_ERROR;
				CLANG_WARN_DOCUMENTATION_COMMENTS = YES;
				CLANG_WARN_EMPTY_BODY = YES;
				CLANG_WARN_ENUM_CONVERSION = YES;
				CLANG_WARN_INFINITE_RECURSION = YES;
				CLANG_WARN_INT_CONVERSION = YES;
				CLANG_WARN_NON_LITERAL_NULL_CONVERSION = YES;
				CLANG_WARN_OBJC_IMPLICIT_RETAIN_SELF = YES;
				CLANG_WARN_OBJC_LITERAL_CONVERSION = YES;
				CLANG_WARN_OBJC_ROOT_CLASS = YES_ERROR;
				CLANG_WARN_QUOTED_INCLUDE_IN_FRAMEWORK_HEADER = YES;
				CLANG_WARN_RANGE_LOOP_ANALYSIS = YES;
				CLANG_WARN_STRICT_PROTOTYPES = YES;
				CLANG_WARN_SUSPICIOUS_MOVE = YES;
				CLANG_WARN_UNGUARDED_AVAILABILITY = YES_AGGRESSIVE;
				CLANG_WARN_UNREACHABLE_CODE = YES;
				CLANG_WARN__DUPLICATE_METHOD_MATCH = YES;
				COPY_PHASE_STRIP = NO;
				DEBUG_INFORMATION_FORMAT = "dwarf-with-dsym";
				ENABLE_NS_ASSERTIONS = NO;
				ENABLE_STRICT_OBJC_MSGSEND = YES;
				ENABLE_USER_SCRIPT_SANDBOXING = YES;
				GCC_C_LANGUAGE_STANDARD = gnu17;
				GCC_NO_COMMON_BLOCKS = YES;
				GCC_WARN_64_TO_32_BIT_CONVERSION = YES;
				GCC_WARN_ABOUT_RETURN_TYPE = YES_ERROR;
				GCC_WARN_UNDECLARED_SELECTOR = YES;
				GCC_WARN_UNINITIALIZED_AUTOS = YES_AGGRESSIVE;
				GCC_WARN_UNUSED_FUNCTION = YES;
				GCC_WARN_UNUSED_VARIABLE = YES;
				IPHONEOS_DEPLOYMENT_TARGET = 17.0;
				LOCALIZATION_PREFERS_STRING_CATALOGS = YES;
				MTL_ENABLE_DEBUG_INFO = NO;
				MTL_FAST_MATH = YES;
				SDKROOT = iphoneos;
				SWIFT_COMPILATION_MODE = wholemodule;
				VALIDATE_PRODUCT = YES;
			};
			name = Release;
		};
		763BDE242B0EE44F008F27AC /* Debug */ = {
			isa = XCBuildConfiguration;
			buildSettings = {
				ASSETCATALOG_COMPILER_APPICON_NAME = AppIcon;
				ASSETCATALOG_COMPILER_GLOBAL_ACCENT_COLOR_NAME = AccentColor;
				CODE_SIGN_STYLE = Automatic;
				CURRENT_PROJECT_VERSION = 1;
				DEVELOPMENT_ASSET_PATHS = "\"Avocados SwiftUI/Preview Content\"";
				ENABLE_PREVIEWS = YES;
				GENERATE_INFOPLIST_FILE = YES;
				INFOPLIST_KEY_UIApplicationSceneManifest_Generation = YES;
				INFOPLIST_KEY_UIApplicationSupportsIndirectInputEvents = YES;
				INFOPLIST_KEY_UILaunchScreen_Generation = YES;
				INFOPLIST_KEY_UILaunchStoryboardName = "Launch Screen";
				INFOPLIST_KEY_UISupportedInterfaceOrientations = UIInterfaceOrientationPortrait;
				LD_RUNPATH_SEARCH_PATHS = (
					"$(inherited)",
					"@executable_path/Frameworks",
				);
				MARKETING_VERSION = 1.0;
				PRODUCT_BUNDLE_IDENTIFIER = "com.SwiftUI.Avocados-SwiftUI";
				PRODUCT_NAME = "$(TARGET_NAME)";
				SWIFT_EMIT_LOC_STRINGS = YES;
				SWIFT_VERSION = 5.0;
				TARGETED_DEVICE_FAMILY = "1,2";
			};
			name = Debug;
		};
		763BDE252B0EE44F008F27AC /* Release */ = {
			isa = XCBuildConfiguration;
			buildSettings = {
				ASSETCATALOG_COMPILER_APPICON_NAME = AppIcon;
				ASSETCATALOG_COMPILER_GLOBAL_ACCENT_COLOR_NAME = AccentColor;
				CODE_SIGN_STYLE = Automatic;
				CURRENT_PROJECT_VERSION = 1;
				DEVELOPMENT_ASSET_PATHS = "\"Avocados SwiftUI/Preview Content\"";
				ENABLE_PREVIEWS = YES;
				GENERATE_INFOPLIST_FILE = YES;
				INFOPLIST_KEY_UIApplicationSceneManifest_Generation = YES;
				INFOPLIST_KEY_UIApplicationSupportsIndirectInputEvents = YES;
				INFOPLIST_KEY_UILaunchScreen_Generation = YES;
				INFOPLIST_KEY_UILaunchStoryboardName = "Launch Screen";
				INFOPLIST_KEY_UISupportedInterfaceOrientations = UIInterfaceOrientationPortrait;
				LD_RUNPATH_SEARCH_PATHS = (
					"$(inherited)",
					"@executable_path/Frameworks",
				);
				MARKETING_VERSION = 1.0;
				PRODUCT_BUNDLE_IDENTIFIER = "com.SwiftUI.Avocados-SwiftUI";
				PRODUCT_NAME = "$(TARGET_NAME)";
				SWIFT_EMIT_LOC_STRINGS = YES;
				SWIFT_VERSION = 5.0;
				TARGETED_DEVICE_FAMILY = "1,2";
			};
			name = Release;
		};
/* End XCBuildConfiguration section */

/* Begin XCConfigurationList section */
		763BDE102B0EE44C008F27AC /* Build configuration list for PBXProject "Avocados SwiftUI" */ = {
			isa = XCConfigurationList;
			buildConfigurations = (
				763BDE212B0EE44F008F27AC /* Debug */,
				763BDE222B0EE44F008F27AC /* Release */,
			);
			defaultConfigurationIsVisible = 0;
			defaultConfigurationName = Release;
		};
		763BDE232B0EE44F008F27AC /* Build configuration list for PBXNativeTarget "Avocados SwiftUI" */ = {
			isa = XCConfigurationList;
			buildConfigurations = (
				763BDE242B0EE44F008F27AC /* Debug */,
				763BDE252B0EE44F008F27AC /* Release */,
			);
			defaultConfigurationIsVisible = 0;
			defaultConfigurationName = Release;
		};
/* End XCConfigurationList section */
	};
	rootObject = 763BDE0D2B0EE44C008F27AC /* Project object */;
}
